
Microsoft Visual Studio Solution File, Format Version 12.00
# Visual Studio 15
VisualStudioVersion = 15.0.26403.7
MinimumVisualStudioVersion = 10.0.40219.1
Project("{8BC9CEB8-8B4A-11D0-8D11-00A0C91BC942}") = "Binary", "Binary\Binary.vcxproj", "{E24A0101-6701-4690-B175-0711D0A0BCA0}"
EndProject
Project("{8BC9CEB8-8B4A-11D0-8D11-00A0C91BC942}") = "Selection", "..\Selection\Selection\Selection.vcxproj", "{616F518C-D7F4-4915-9A70-50C80F554545}"
EndProject
Global
	GlobalSection(SolutionConfigurationPlatforms) = preSolution
		Debug|x64 = Debug|x64
		Debug|x86 = Debug|x86
		Release|x64 = Release|x64
		Release|x86 = Release|x86
	EndGlobalSection
	GlobalSection(ProjectConfigurationPlatforms) = postSolution
		{E24A0101-6701-4690-B175-0711D0A0BCA0}.Debug|x64.ActiveCfg = Debug|x64
		{E24A0101-6701-4690-B175-0711D0A0BCA0}.Debug|x64.Build.0 = Debug|x64
		{E24A0101-6701-4690-B175-0711D0A0BCA0}.Debug|x86.ActiveCfg = Debug|Win32
		{E24A0101-6701-4690-B175-0711D0A0BCA0}.Debug|x86.Build.0 = Debug|Win32
		{E24A0101-6701-4690-B175-0711D0A0BCA0}.Release|x64.ActiveCfg = Release|x64
		{E24A0101-6701-4690-B175-0711D0A0BCA0}.Release|x64.Build.0 = Release|x64
		{E24A0101-6701-4690-B175-0711D0A0BCA0}.Release|x86.ActiveCfg = Release|Win32
		{E24A0101-6701-4690-B175-0711D0A0BCA0}.Release|x86.Build.0 = Release|Win32
		{616F518C-D7F4-4915-9A70-50C80F554545}.Debug|x64.ActiveCfg = Debug|x64
		{616F518C-D7F4-4915-9A70-50C80F554545}.Debug|x64.Build.0 = Debug|x64
		{616F518C-D7F4-4915-9A70-50C80F554545}.Debug|x86.ActiveCfg = Debug|Win32
		{616F518C-D7F4-4915-9A70-50C80F554545}.Debug|x86.Build.0 = Debug|Win32
		{616F518C-D7F4-4915-9A70-50C80F554545}.Release|x64.ActiveCfg = Release|x64
		{616F518C-D7F4-4915-9A70-50C80F554545}.Release|x64.Build.0 = Release|x64
		{616F518C-D7F4-4915-9A70-50C80F554545}.Release|x86.ActiveCfg = Release|Win32
		{616F518C-D7F4-4915-9A70-50C80F554545}.Release|x86.Build.0 = Release|Win32
	EndGlobalSection
	GlobalSection(SolutionProperties) = preSolution
		HideSolutionNode = FALSE
	EndGlobalSection
EndGlobal
